
Microsoft Visual Studio Solution File, Format Version 12.00
# Visual Studio Version 17
VisualStudioVersion = 17.14.36414.22
MinimumVisualStudioVersion = 10.0.40219.1
Project("{FAE04EC0-301F-11D3-BF4B-00C04F79EFBC}") = "Task1", "SAA_Exam_Tasks\Task1.csproj", "{DF5ABFB2-2408-4EA1-B398-6F912B03D2CA}"
EndProject
Project("{FAE04EC0-301F-11D3-BF4B-00C04F79EFBC}") = "Task2", "Task2\Task2.csproj", "{C67964C5-1E97-45FF-9745-0755DC086DAC}"
EndProject
Project("{FAE04EC0-301F-11D3-BF4B-00C04F79EFBC}") = "Task3", "Task3\Task3.csproj", "{2264357C-F95C-47D1-AA0A-BC54ABEE2059}"
EndProject
Project("{FAE04EC0-301F-11D3-BF4B-00C04F79EFBC}") = "Task4", "Task4\Task4.csproj", "{6C5FAE36-4C1F-48BC-823D-7FBDB7A89430}"
EndProject
Project("{FAE04EC0-301F-11D3-BF4B-00C04F79EFBC}") = "Task5", "Task5\Task5.csproj", "{3B35607C-369F-41B2-BCE9-EE3B447A9BA2}"
EndProject
Project("{FAE04EC0-301F-11D3-BF4B-00C04F79EFBC}") = "Task6", "Task6\Task6.csproj", "{1A78E6AA-3D29-4922-A796-AEADCC810722}"
EndProject
Project("{FAE04EC0-301F-11D3-BF4B-00C04F79EFBC}") = "Task7", "Task7\Task7.csproj", "{960D0E3C-86A0-4ED2-A672-DC610D57E176}"
EndProject
Project("{FAE04EC0-301F-11D3-BF4B-00C04F79EFBC}") = "Task8", "Task8\Task8.csproj", "{EC7C2CA5-31A0-412A-B782-59748C315BBD}"
EndProject
Project("{FAE04EC0-301F-11D3-BF4B-00C04F79EFBC}") = "Task1.1", "Task1.1\Task1.1.csproj", "{86621568-EAAF-4339-BD60-F7E7B19A8D0E}"
EndProject
Project("{FAE04EC0-301F-11D3-BF4B-00C04F79EFBC}") = "Task2.2", "Task2.2\Task2.2.csproj", "{1D594C1D-A332-4279-9FE2-A2426989D3F0}"
EndProject
Project("{FAE04EC0-301F-11D3-BF4B-00C04F79EFBC}") = "Task3.3", "Task3.3\Task3.3.csproj", "{386950C4-5B45-4770-817E-ABE297ED15A3}"
EndProject
Project("{FAE04EC0-301F-11D3-BF4B-00C04F79EFBC}") = "Task4.4", "Task4.4\Task4.4.csproj", "{40351150-84BC-4A6B-8D1D-8F740CAD7F97}"
EndProject
Project("{FAE04EC0-301F-11D3-BF4B-00C04F79EFBC}") = "Task5.5", "Task5.5\Task5.5.csproj", "{3BC5165F-C194-4ECF-A8B1-002ABDE95249}"
EndProject
Project("{FAE04EC0-301F-11D3-BF4B-00C04F79EFBC}") = "Task6.6", "Task6.6\Task6.6.csproj", "{E2B6C8D4-4F69-4979-AE8D-CBB69DF2F145}"
EndProject
Project("{FAE04EC0-301F-11D3-BF4B-00C04F79EFBC}") = "MatrixTask1", "MatrixTask1\MatrixTask1.csproj", "{A281CEB0-5347-4F39-B6E8-7DBD63CA2982}"
EndProject
Project("{FAE04EC0-301F-11D3-BF4B-00C04F79EFBC}") = "MatrixTask2", "MatrixTask2\MatrixTask2.csproj", "{59B4F260-AC26-48E9-9931-C1F6BD2ED0C3}"
EndProject
Project("{FAE04EC0-301F-11D3-BF4B-00C04F79EFBC}") = "MatrixTask3", "MatrixTask3\MatrixTask3.csproj", "{E3B3EEC6-07F0-4272-897C-E8BC180A45AA}"
EndProject
Project("{FAE04EC0-301F-11D3-BF4B-00C04F79EFBC}") = "MatrixTask4", "MatrixTask4\MatrixTask4.csproj", "{EED7F421-9655-4FC2-AD34-AD4475484437}"
EndProject
Project("{FAE04EC0-301F-11D3-BF4B-00C04F79EFBC}") = "MatrixTask5", "MatrixTask5\MatrixTask5.csproj", "{4B992198-46CC-42FC-9605-D92DED23A27A}"
EndProject
Project("{FAE04EC0-301F-11D3-BF4B-00C04F79EFBC}") = "MatrixTask6", "MatrixTask6\MatrixTask6.csproj", "{DC8E747B-E757-4465-8EC2-C08506EF4683}"
EndProject
Project("{FAE04EC0-301F-11D3-BF4B-00C04F79EFBC}") = "MatrixTask7", "MatrixTask7\MatrixTask7.csproj", "{1D02111F-F165-4898-895F-3839E3B811CF}"
EndProject
Project("{FAE04EC0-301F-11D3-BF4B-00C04F79EFBC}") = "MatrixTask8", "MatrixTask8\MatrixTask8.csproj", "{E876DCDF-6D6E-40BF-B197-9E6E797CFC05}"
EndProject
Project("{FAE04EC0-301F-11D3-BF4B-00C04F79EFBC}") = "ArrayExamTask1", "ArrayExamTask1\ArrayExamTask1.csproj", "{8A7B558A-66CD-4D7C-BECC-2F1B453002AF}"
EndProject
Project("{FAE04EC0-301F-11D3-BF4B-00C04F79EFBC}") = "ExamTask2", "ExamTask2\ExamTask2.csproj", "{D9DFAAF2-0106-4F70-8FA9-C5BB54988871}"
EndProject
Project("{FAE04EC0-301F-11D3-BF4B-00C04F79EFBC}") = "ArrayExamTask3", "ArrayExamTask3\ArrayExamTask3.csproj", "{73436090-62FE-4A23-97F6-44C812822D3A}"
EndProject
Project("{FAE04EC0-301F-11D3-BF4B-00C04F79EFBC}") = "ArrayExamTask4", "ArrayExamTask4\ArrayExamTask4.csproj", "{4CB81ABE-3FB5-467D-B783-2806118720A8}"
EndProject
Project("{FAE04EC0-301F-11D3-BF4B-00C04F79EFBC}") = "ArrayExamTask5", "ArrayExamTask5\ArrayExamTask5.csproj", "{1EB57175-BB15-494D-92FB-7F2B404805C3}"
EndProject
Global
	GlobalSection(SolutionConfigurationPlatforms) = preSolution
		Debug|Any CPU = Debug|Any CPU
		Release|Any CPU = Release|Any CPU
	EndGlobalSection
	GlobalSection(ProjectConfigurationPlatforms) = postSolution
		{DF5ABFB2-2408-4EA1-B398-6F912B03D2CA}.Debug|Any CPU.ActiveCfg = Debug|Any CPU
		{DF5ABFB2-2408-4EA1-B398-6F912B03D2CA}.Debug|Any CPU.Build.0 = Debug|Any CPU
		{DF5ABFB2-2408-4EA1-B398-6F912B03D2CA}.Release|Any CPU.ActiveCfg = Release|Any CPU
		{DF5ABFB2-2408-4EA1-B398-6F912B03D2CA}.Release|Any CPU.Build.0 = Release|Any CPU
		{C67964C5-1E97-45FF-9745-0755DC086DAC}.Debug|Any CPU.ActiveCfg = Debug|Any CPU
		{C67964C5-1E97-45FF-9745-0755DC086DAC}.Debug|Any CPU.Build.0 = Debug|Any CPU
		{C67964C5-1E97-45FF-9745-0755DC086DAC}.Release|Any CPU.ActiveCfg = Release|Any CPU
		{C67964C5-1E97-45FF-9745-0755DC086DAC}.Release|Any CPU.Build.0 = Release|Any CPU
		{2264357C-F95C-47D1-AA0A-BC54ABEE2059}.Debug|Any CPU.ActiveCfg = Debug|Any CPU
		{2264357C-F95C-47D1-AA0A-BC54ABEE2059}.Debug|Any CPU.Build.0 = Debug|Any CPU
		{2264357C-F95C-47D1-AA0A-BC54ABEE2059}.Release|Any CPU.ActiveCfg = Release|Any CPU
		{2264357C-F95C-47D1-AA0A-BC54ABEE2059}.Release|Any CPU.Build.0 = Release|Any CPU
		{6C5FAE36-4C1F-48BC-823D-7FBDB7A89430}.Debug|Any CPU.ActiveCfg = Debug|Any CPU
		{6C5FAE36-4C1F-48BC-823D-7FBDB7A89430}.Debug|Any CPU.Build.0 = Debug|Any CPU
		{6C5FAE36-4C1F-48BC-823D-7FBDB7A89430}.Release|Any CPU.ActiveCfg = Release|Any CPU
		{6C5FAE36-4C1F-48BC-823D-7FBDB7A89430}.Release|Any CPU.Build.0 = Release|Any CPU
		{3B35607C-369F-41B2-BCE9-EE3B447A9BA2}.Debug|Any CPU.ActiveCfg = Debug|Any CPU
		{3B35607C-369F-41B2-BCE9-EE3B447A9BA2}.Debug|Any CPU.Build.0 = Debug|Any CPU
		{3B35607C-369F-41B2-BCE9-EE3B447A9BA2}.Release|Any CPU.ActiveCfg = Release|Any CPU
		{3B35607C-369F-41B2-BCE9-EE3B447A9BA2}.Release|Any CPU.Build.0 = Release|Any CPU
		{1A78E6AA-3D29-4922-A796-AEADCC810722}.Debug|Any CPU.ActiveCfg = Debug|Any CPU
		{1A78E6AA-3D29-4922-A796-AEADCC810722}.Debug|Any CPU.Build.0 = Debug|Any CPU
		{1A78E6AA-3D29-4922-A796-AEADCC810722}.Release|Any CPU.ActiveCfg = Release|Any CPU
		{1A78E6AA-3D29-4922-A796-AEADCC810722}.Release|Any CPU.Build.0 = Release|Any CPU
		{960D0E3C-86A0-4ED2-A672-DC610D57E176}.Debug|Any CPU.ActiveCfg = Debug|Any CPU
		{960D0E3C-86A0-4ED2-A672-DC610D57E176}.Debug|Any CPU.Build.0 = Debug|Any CPU
		{960D0E3C-86A0-4ED2-A672-DC610D57E176}.Release|Any CPU.ActiveCfg = Release|Any CPU
		{960D0E3C-86A0-4ED2-A672-DC610D57E176}.Release|Any CPU.Build.0 = Release|Any CPU
		{EC7C2CA5-31A0-412A-B782-59748C315BBD}.Debug|Any CPU.ActiveCfg = Debug|Any CPU
		{EC7C2CA5-31A0-412A-B782-59748C315BBD}.Debug|Any CPU.Build.0 = Debug|Any CPU
		{EC7C2CA5-31A0-412A-B782-59748C315BBD}.Release|Any CPU.ActiveCfg = Release|Any CPU
		{EC7C2CA5-31A0-412A-B782-59748C315BBD}.Release|Any CPU.Build.0 = Release|Any CPU
		{86621568-EAAF-4339-BD60-F7E7B19A8D0E}.Debug|Any CPU.ActiveCfg = Debug|Any CPU
		{86621568-EAAF-4339-BD60-F7E7B19A8D0E}.Debug|Any CPU.Build.0 = Debug|Any CPU
		{86621568-EAAF-4339-BD60-F7E7B19A8D0E}.Release|Any CPU.ActiveCfg = Release|Any CPU
		{86621568-EAAF-4339-BD60-F7E7B19A8D0E}.Release|Any CPU.Build.0 = Release|Any CPU
		{1D594C1D-A332-4279-9FE2-A2426989D3F0}.Debug|Any CPU.ActiveCfg = Debug|Any CPU
		{1D594C1D-A332-4279-9FE2-A2426989D3F0}.Debug|Any CPU.Build.0 = Debug|Any CPU
		{1D594C1D-A332-4279-9FE2-A2426989D3F0}.Release|Any CPU.ActiveCfg = Release|Any CPU
		{1D594C1D-A332-4279-9FE2-A2426989D3F0}.Release|Any CPU.Build.0 = Release|Any CPU
		{386950C4-5B45-4770-817E-ABE297ED15A3}.Debug|Any CPU.ActiveCfg = Debug|Any CPU
		{386950C4-5B45-4770-817E-ABE297ED15A3}.Debug|Any CPU.Build.0 = Debug|Any CPU
		{386950C4-5B45-4770-817E-ABE297ED15A3}.Release|Any CPU.ActiveCfg = Release|Any CPU
		{386950C4-5B45-4770-817E-ABE297ED15A3}.Release|Any CPU.Build.0 = Release|Any CPU
		{40351150-84BC-4A6B-8D1D-8F740CAD7F97}.Debug|Any CPU.ActiveCfg = Debug|Any CPU
		{40351150-84BC-4A6B-8D1D-8F740CAD7F97}.Debug|Any CPU.Build.0 = Debug|Any CPU
		{40351150-84BC-4A6B-8D1D-8F740CAD7F97}.Release|Any CPU.ActiveCfg = Release|Any CPU
		{40351150-84BC-4A6B-8D1D-8F740CAD7F97}.Release|Any CPU.Build.0 = Release|Any CPU
		{3BC5165F-C194-4ECF-A8B1-002ABDE95249}.Debug|Any CPU.ActiveCfg = Debug|Any CPU
		{3BC5165F-C194-4ECF-A8B1-002ABDE95249}.Debug|Any CPU.Build.0 = Debug|Any CPU
		{3BC5165F-C194-4ECF-A8B1-002ABDE95249}.Release|Any CPU.ActiveCfg = Release|Any CPU
		{3BC5165F-C194-4ECF-A8B1-002ABDE95249}.Release|Any CPU.Build.0 = Release|Any CPU
		{E2B6C8D4-4F69-4979-AE8D-CBB69DF2F145}.Debug|Any CPU.ActiveCfg = Debug|Any CPU
		{E2B6C8D4-4F69-4979-AE8D-CBB69DF2F145}.Debug|Any CPU.Build.0 = Debug|Any CPU
		{E2B6C8D4-4F69-4979-AE8D-CBB69DF2F145}.Release|Any CPU.ActiveCfg = Release|Any CPU
		{E2B6C8D4-4F69-4979-AE8D-CBB69DF2F145}.Release|Any CPU.Build.0 = Release|Any CPU
		{A281CEB0-5347-4F39-B6E8-7DBD63CA2982}.Debug|Any CPU.ActiveCfg = Debug|Any CPU
		{A281CEB0-5347-4F39-B6E8-7DBD63CA2982}.Debug|Any CPU.Build.0 = Debug|Any CPU
		{A281CEB0-5347-4F39-B6E8-7DBD63CA2982}.Release|Any CPU.ActiveCfg = Release|Any CPU
		{A281CEB0-5347-4F39-B6E8-7DBD63CA2982}.Release|Any CPU.Build.0 = Release|Any CPU
		{59B4F260-AC26-48E9-9931-C1F6BD2ED0C3}.Debug|Any CPU.ActiveCfg = Debug|Any CPU
		{59B4F260-AC26-48E9-9931-C1F6BD2ED0C3}.Debug|Any CPU.Build.0 = Debug|Any CPU
		{59B4F260-AC26-48E9-9931-C1F6BD2ED0C3}.Release|Any CPU.ActiveCfg = Release|Any CPU
		{59B4F260-AC26-48E9-9931-C1F6BD2ED0C3}.Release|Any CPU.Build.0 = Release|Any CPU
		{E3B3EEC6-07F0-4272-897C-E8BC180A45AA}.Debug|Any CPU.ActiveCfg = Debug|Any CPU
		{E3B3EEC6-07F0-4272-897C-E8BC180A45AA}.Debug|Any CPU.Build.0 = Debug|Any CPU
		{E3B3EEC6-07F0-4272-897C-E8BC180A45AA}.Release|Any CPU.ActiveCfg = Release|Any CPU
		{E3B3EEC6-07F0-4272-897C-E8BC180A45AA}.Release|Any CPU.Build.0 = Release|Any CPU
		{EED7F421-9655-4FC2-AD34-AD4475484437}.Debug|Any CPU.ActiveCfg = Debug|Any CPU
		{EED7F421-9655-4FC2-AD34-AD4475484437}.Debug|Any CPU.Build.0 = Debug|Any CPU
		{EED7F421-9655-4FC2-AD34-AD4475484437}.Release|Any CPU.ActiveCfg = Release|Any CPU
		{EED7F421-9655-4FC2-AD34-AD4475484437}.Release|Any CPU.Build.0 = Release|Any CPU
		{4B992198-46CC-42FC-9605-D92DED23A27A}.Debug|Any CPU.ActiveCfg = Debug|Any CPU
		{4B992198-46CC-42FC-9605-D92DED23A27A}.Debug|Any CPU.Build.0 = Debug|Any CPU
		{4B992198-46CC-42FC-9605-D92DED23A27A}.Release|Any CPU.ActiveCfg = Release|Any CPU
		{4B992198-46CC-42FC-9605-D92DED23A27A}.Release|Any CPU.Build.0 = Release|Any CPU
		{DC8E747B-E757-4465-8EC2-C08506EF4683}.Debug|Any CPU.ActiveCfg = Debug|Any CPU
		{DC8E747B-E757-4465-8EC2-C08506EF4683}.Debug|Any CPU.Build.0 = Debug|Any CPU
		{DC8E747B-E757-4465-8EC2-C08506EF4683}.Release|Any CPU.ActiveCfg = Release|Any CPU
		{DC8E747B-E757-4465-8EC2-C08506EF4683}.Release|Any CPU.Build.0 = Release|Any CPU
		{1D02111F-F165-4898-895F-3839E3B811CF}.Debug|Any CPU.ActiveCfg = Debug|Any CPU
		{1D02111F-F165-4898-895F-3839E3B811CF}.Debug|Any CPU.Build.0 = Debug|Any CPU
		{1D02111F-F165-4898-895F-3839E3B811CF}.Release|Any CPU.ActiveCfg = Release|Any CPU
		{1D02111F-F165-4898-895F-3839E3B811CF}.Release|Any CPU.Build.0 = Release|Any CPU
		{E876DCDF-6D6E-40BF-B197-9E6E797CFC05}.Debug|Any CPU.ActiveCfg = Debug|Any CPU
		{E876DCDF-6D6E-40BF-B197-9E6E797CFC05}.Debug|Any CPU.Build.0 = Debug|Any CPU
		{E876DCDF-6D6E-40BF-B197-9E6E797CFC05}.Release|Any CPU.ActiveCfg = Release|Any CPU
		{E876DCDF-6D6E-40BF-B197-9E6E797CFC05}.Release|Any CPU.Build.0 = Release|Any CPU
		{8A7B558A-66CD-4D7C-BECC-2F1B453002AF}.Debug|Any CPU.ActiveCfg = Debug|Any CPU
		{8A7B558A-66CD-4D7C-BECC-2F1B453002AF}.Debug|Any CPU.Build.0 = Debug|Any CPU
		{8A7B558A-66CD-4D7C-BECC-2F1B453002AF}.Release|Any CPU.ActiveCfg = Release|Any CPU
		{8A7B558A-66CD-4D7C-BECC-2F1B453002AF}.Release|Any CPU.Build.0 = Release|Any CPU
		{D9DFAAF2-0106-4F70-8FA9-C5BB54988871}.Debug|Any CPU.ActiveCfg = Debug|Any CPU
		{D9DFAAF2-0106-4F70-8FA9-C5BB54988871}.Debug|Any CPU.Build.0 = Debug|Any CPU
		{D9DFAAF2-0106-4F70-8FA9-C5BB54988871}.Release|Any CPU.ActiveCfg = Release|Any CPU
		{D9DFAAF2-0106-4F70-8FA9-C5BB54988871}.Release|Any CPU.Build.0 = Release|Any CPU
		{73436090-62FE-4A23-97F6-44C812822D3A}.Debug|Any CPU.ActiveCfg = Debug|Any CPU
		{73436090-62FE-4A23-97F6-44C812822D3A}.Debug|Any CPU.Build.0 = Debug|Any CPU
		{73436090-62FE-4A23-97F6-44C812822D3A}.Release|Any CPU.ActiveCfg = Release|Any CPU
		{73436090-62FE-4A23-97F6-44C812822D3A}.Release|Any CPU.Build.0 = Release|Any CPU
		{4CB81ABE-3FB5-467D-B783-2806118720A8}.Debug|Any CPU.ActiveCfg = Debug|Any CPU
		{4CB81ABE-3FB5-467D-B783-2806118720A8}.Debug|Any CPU.Build.0 = Debug|Any CPU
		{4CB81ABE-3FB5-467D-B783-2806118720A8}.Release|Any CPU.ActiveCfg = Release|Any CPU
		{4CB81ABE-3FB5-467D-B783-2806118720A8}.Release|Any CPU.Build.0 = Release|Any CPU
		{1EB57175-BB15-494D-92FB-7F2B404805C3}.Debug|Any CPU.ActiveCfg = Debug|Any CPU
		{1EB57175-BB15-494D-92FB-7F2B404805C3}.Debug|Any CPU.Build.0 = Debug|Any CPU
		{1EB57175-BB15-494D-92FB-7F2B404805C3}.Release|Any CPU.ActiveCfg = Release|Any CPU
		{1EB57175-BB15-494D-92FB-7F2B404805C3}.Release|Any CPU.Build.0 = Release|Any CPU
	EndGlobalSection
	GlobalSection(SolutionProperties) = preSolution
		HideSolutionNode = FALSE
	EndGlobalSection
	GlobalSection(ExtensibilityGlobals) = postSolution
		SolutionGuid = {3D772E81-A45E-499A-B70C-784F0178204C}
	EndGlobalSection
EndGlobal
